
Microsoft Visual Studio Solution File, Format Version 12.00
# Visual Studio Version 17
VisualStudioVersion = 17.5.33424.131
MinimumVisualStudioVersion = 10.0.40219.1
Project("{FAE04EC0-301F-11D3-BF4B-00C04F79EFBC}") = "Lottery101", "Lottery101\Lottery101.csproj", "{4CD5D8E7-BD3F-4A79-96EC-02C882FBC7E1}"
EndProject
Project("{FAE04EC0-301F-11D3-BF4B-00C04F79EFBC}") = "UserBubble", "UserBubble\UserBubble.csproj", "{5BC13B6A-1535-4AF6-A878-D3B89602A54A}"
EndProject
Global
	GlobalSection(SolutionConfigurationPlatforms) = preSolution
		Debug|Any CPU = Debug|Any CPU
		Release|Any CPU = Release|Any CPU
	EndGlobalSection
	GlobalSection(ProjectConfigurationPlatforms) = postSolution
		{4CD5D8E7-BD3F-4A79-96EC-02C882FBC7E1}.Debug|Any CPU.ActiveCfg = Debug|Any CPU
		{4CD5D8E7-BD3F-4A79-96EC-02C882FBC7E1}.Debug|Any CPU.Build.0 = Debug|Any CPU
		{4CD5D8E7-BD3F-4A79-96EC-02C882FBC7E1}.Release|Any CPU.ActiveCfg = Release|Any CPU
		{4CD5D8E7-BD3F-4A79-96EC-02C882FBC7E1}.Release|Any CPU.Build.0 = Release|Any CPU
		{5BC13B6A-1535-4AF6-A878-D3B89602A54A}.Debug|Any CPU.ActiveCfg = Debug|Any CPU
		{5BC13B6A-1535-4AF6-A878-D3B89602A54A}.Debug|Any CPU.Build.0 = Debug|Any CPU
		{5BC13B6A-1535-4AF6-A878-D3B89602A54A}.Release|Any CPU.ActiveCfg = Release|Any CPU
		{5BC13B6A-1535-4AF6-A878-D3B89602A54A}.Release|Any CPU.Build.0 = Release|Any CPU
	EndGlobalSection
	GlobalSection(SolutionProperties) = preSolution
		HideSolutionNode = FALSE
	EndGlobalSection
	GlobalSection(ExtensibilityGlobals) = postSolution
		SolutionGuid = {CF417F63-4C12-49B0-9DE6-F8A05712CC5B}
	EndGlobalSection
EndGlobal
